{
  "name": "passengersapi",
  "version": "1.0.0",
  "lockfileVersion": 1,
  "requires": true,
  "dependencies": {
    "axios": {
      "version": "0.21.1",
      "resolved": "https://registry.npmjs.org/axios/-/axios-0.21.1.tgz",
      "integrity": "sha512-dKQiRHxGD9PPRIUNIWvZhPTPpl1rf/OxTYKsqKUDjBwYylTvV7SjSHJb9ratfyzM6wCdLCOYLzs73qpg5c4iGA==",
      "requires": {
        "follow-redirects": "^1.10.0"
      }
    },
    "byline": {
      "version": "4.2.2",
      "resolved": "https://registry.npmjs.org/byline/-/byline-4.2.2.tgz",
      "integrity": "sha1-wgOpilsCkIIqk4anjtosvVvNsy8="
    },
    "commander": {
      "version": "2.0.0",
      "resolved": "https://registry.npmjs.org/commander/-/commander-2.0.0.tgz",
      "integrity": "sha1-0bhvkB+LZL2UG96tr5JFMDk76Sg="
    },
    "csv-writer": {
      "version": "1.6.0",
      "resolved": "https://registry.npmjs.org/csv-writer/-/csv-writer-1.6.0.tgz",
      "integrity": "sha512-NOx7YDFWEsM/fTRAJjRpPp8t+MKRVvniAg9wQlUKx20MFrPs73WLJhFf5iteqrxNYnsy924K3Iroh3yNHeYd2g=="
    },
    "deeks": {
      "version": "2.4.1",
      "resolved": "https://registry.npmjs.org/deeks/-/deeks-2.4.1.tgz",
      "integrity": "sha512-18Zd9f6dqyAFDoPttDdD8w5u7xy9M1IoxhpSsaatFwI4O+wZyUK+rDtwul4s6iYSfUfZBXPfUbxZrKHDqpEQYA=="
    },
    "doc-path": {
      "version": "3.0.1",
      "resolved": "https://registry.npmjs.org/doc-path/-/doc-path-3.0.1.tgz",
      "integrity": "sha512-Z7yrgf71bNXFK7dHqanaJO6QOkDsIemcxQqEyhIVY/Jfcwm8mMmCHV/w7UZyr9NzTFFbo698TFiLc5exfHNvog=="
    },
    "follow-redirects": {
      "version": "1.14.1",
      "resolved": "https://registry.npmjs.org/follow-redirects/-/follow-redirects-1.14.1.tgz",
      "integrity": "sha512-HWqDgT7ZEkqRzBvc2s64vSZ/hfOceEol3ac/7tKwzuvEyWx3/4UegXh5oBOIotkGsObyk3xznnSRVADBgWSQVg=="
    },
    "json-2-csv": {
      "version": "3.14.1",
      "resolved": "https://registry.npmjs.org/json-2-csv/-/json-2-csv-3.14.1.tgz",
      "integrity": "sha512-Nx84ZyolEOVoft43ztfzmC7fETUo/+6dDlKTLZXPd+hVYHP1YTeE/K6Axx4ipofwywpR6iwMLtKQ9EZwBYWD+A==",
      "requires": {
        "deeks": "2.4.1",
        "doc-path": "3.0.1"
      }
    },
    "jsontocsv": {
      "version": "0.3.0",
      "resolved": "https://registry.npmjs.org/jsontocsv/-/jsontocsv-0.3.0.tgz",
      "integrity": "sha1-tTtmlbz5I620QsAlcrEU/akWL68=",
      "requires": {
        "byline": "^4.2.1",
        "commander": "~2.0.0",
        "nextflow": "~0.3.0"
      }
    },
    "nextflow": {
      "version": "0.3.0",
      "resolved": "https://registry.npmjs.org/nextflow/-/nextflow-0.3.0.tgz",
      "integrity": "sha1-kynEVWjXSgep60JFw3GsF1uubYI="
    }
  }
}
